
Microsoft Visual Studio Solution File, Format Version 12.00
# Visual Studio Version 16
VisualStudioVersion = 16.0.30204.135
MinimumVisualStudioVersion = 10.0.40219.1
Project("{FAE04EC0-301F-11D3-BF4B-00C04F79EFBC}") = "01. National Court", "01. National Court\01. National Court.csproj", "{43179810-5C71-4E4D-BA10-6BEBD9737EA3}"
EndProject
Project("{FAE04EC0-301F-11D3-BF4B-00C04F79EFBC}") = "02. Shopping List", "02. Shopping List\02. Shopping List.csproj", "{D723BD23-2751-492A-94C5-AB85C8A1868C}"
EndProject
Project("{FAE04EC0-301F-11D3-BF4B-00C04F79EFBC}") = "03. Heart Delivery", "03. Heart Delivery\03. Heart Delivery.csproj", "{D6E8C82F-F355-41C1-9DA7-57A5E840600F}"
EndProject
Global
	GlobalSection(SolutionConfigurationPlatforms) = preSolution
		Debug|Any CPU = Debug|Any CPU
		Release|Any CPU = Release|Any CPU
	EndGlobalSection
	GlobalSection(ProjectConfigurationPlatforms) = postSolution
		{43179810-5C71-4E4D-BA10-6BEBD9737EA3}.Debug|Any CPU.ActiveCfg = Debug|Any CPU
		{43179810-5C71-4E4D-BA10-6BEBD9737EA3}.Debug|Any CPU.Build.0 = Debug|Any CPU
		{43179810-5C71-4E4D-BA10-6BEBD9737EA3}.Release|Any CPU.ActiveCfg = Release|Any CPU
		{43179810-5C71-4E4D-BA10-6BEBD9737EA3}.Release|Any CPU.Build.0 = Release|Any CPU
		{D723BD23-2751-492A-94C5-AB85C8A1868C}.Debug|Any CPU.ActiveCfg = Debug|Any CPU
		{D723BD23-2751-492A-94C5-AB85C8A1868C}.Debug|Any CPU.Build.0 = Debug|Any CPU
		{D723BD23-2751-492A-94C5-AB85C8A1868C}.Release|Any CPU.ActiveCfg = Release|Any CPU
		{D723BD23-2751-492A-94C5-AB85C8A1868C}.Release|Any CPU.Build.0 = Release|Any CPU
		{D6E8C82F-F355-41C1-9DA7-57A5E840600F}.Debug|Any CPU.ActiveCfg = Debug|Any CPU
		{D6E8C82F-F355-41C1-9DA7-57A5E840600F}.Debug|Any CPU.Build.0 = Debug|Any CPU
		{D6E8C82F-F355-41C1-9DA7-57A5E840600F}.Release|Any CPU.ActiveCfg = Release|Any CPU
		{D6E8C82F-F355-41C1-9DA7-57A5E840600F}.Release|Any CPU.Build.0 = Release|Any CPU
	EndGlobalSection
	GlobalSection(SolutionProperties) = preSolution
		HideSolutionNode = FALSE
	EndGlobalSection
	GlobalSection(ExtensibilityGlobals) = postSolution
		SolutionGuid = {74D88982-38D4-4E1C-A036-27260F453925}
	EndGlobalSection
EndGlobal
