
Microsoft Visual Studio Solution File, Format Version 12.00
# Visual Studio Version 16
VisualStudioVersion = 16.0.29424.173
MinimumVisualStudioVersion = 10.0.40219.1
Project("{9A19103F-16F7-4668-BE54-9A1E7A4F7556}") = "01. The Hunting Games", "01. The Hunting Games\01. The Hunting Games.csproj", "{263402AA-F4DA-4B7B-A03A-0C745F441A68}"
EndProject
Project("{9A19103F-16F7-4668-BE54-9A1E7A4F7556}") = "02. Seize the Fire", "02. Seize the Fire\02. Seize the Fire.csproj", "{AE121960-90FE-4C26-BE32-BAA5E91A5A1F}"
EndProject
Project("{FAE04EC0-301F-11D3-BF4B-00C04F79EFBC}") = "03. The Final Quest", "03. The Final Quest\03. The Final Quest.csproj", "{401B12D6-4CA7-4CFC-B408-370B83E64770}"
EndProject
Global
	GlobalSection(SolutionConfigurationPlatforms) = preSolution
		Debug|Any CPU = Debug|Any CPU
		Release|Any CPU = Release|Any CPU
	EndGlobalSection
	GlobalSection(ProjectConfigurationPlatforms) = postSolution
		{263402AA-F4DA-4B7B-A03A-0C745F441A68}.Debug|Any CPU.ActiveCfg = Debug|Any CPU
		{263402AA-F4DA-4B7B-A03A-0C745F441A68}.Debug|Any CPU.Build.0 = Debug|Any CPU
		{263402AA-F4DA-4B7B-A03A-0C745F441A68}.Release|Any CPU.ActiveCfg = Release|Any CPU
		{263402AA-F4DA-4B7B-A03A-0C745F441A68}.Release|Any CPU.Build.0 = Release|Any CPU
		{AE121960-90FE-4C26-BE32-BAA5E91A5A1F}.Debug|Any CPU.ActiveCfg = Debug|Any CPU
		{AE121960-90FE-4C26-BE32-BAA5E91A5A1F}.Debug|Any CPU.Build.0 = Debug|Any CPU
		{AE121960-90FE-4C26-BE32-BAA5E91A5A1F}.Release|Any CPU.ActiveCfg = Release|Any CPU
		{AE121960-90FE-4C26-BE32-BAA5E91A5A1F}.Release|Any CPU.Build.0 = Release|Any CPU
		{401B12D6-4CA7-4CFC-B408-370B83E64770}.Debug|Any CPU.ActiveCfg = Debug|Any CPU
		{401B12D6-4CA7-4CFC-B408-370B83E64770}.Debug|Any CPU.Build.0 = Debug|Any CPU
		{401B12D6-4CA7-4CFC-B408-370B83E64770}.Release|Any CPU.ActiveCfg = Release|Any CPU
		{401B12D6-4CA7-4CFC-B408-370B83E64770}.Release|Any CPU.Build.0 = Release|Any CPU
	EndGlobalSection
	GlobalSection(SolutionProperties) = preSolution
		HideSolutionNode = FALSE
	EndGlobalSection
	GlobalSection(ExtensibilityGlobals) = postSolution
		SolutionGuid = {26659200-C23F-4558-AB24-234F0A73B360}
	EndGlobalSection
EndGlobal
