
Microsoft Visual Studio Solution File, Format Version 12.00
# Visual Studio Version 16
VisualStudioVersion = 16.0.29424.173
MinimumVisualStudioVersion = 10.0.40219.1
Project("{9A19103F-16F7-4668-BE54-9A1E7A4F7556}") = "01.Black Flag", "01.Black Flag\01.Black Flag.csproj", "{AA09B967-0B25-428A-B23E-D3D9CB212BF5}"
EndProject
Project("{FAE04EC0-301F-11D3-BF4B-00C04F79EFBC}") = "02.Treasure Hunt", "02.Treasure Hunt\02.Treasure Hunt.csproj", "{0F84612C-1C4D-4392-ACE1-D2CCDF91D550}"
EndProject
Project("{FAE04EC0-301F-11D3-BF4B-00C04F79EFBC}") = "03.Man O War", "03.Man O War\03.Man O War.csproj", "{7BE3D401-8643-4FE7-9F1E-F490F0F8CBD8}"
EndProject
Global
	GlobalSection(SolutionConfigurationPlatforms) = preSolution
		Debug|Any CPU = Debug|Any CPU
		Release|Any CPU = Release|Any CPU
	EndGlobalSection
	GlobalSection(ProjectConfigurationPlatforms) = postSolution
		{AA09B967-0B25-428A-B23E-D3D9CB212BF5}.Debug|Any CPU.ActiveCfg = Debug|Any CPU
		{AA09B967-0B25-428A-B23E-D3D9CB212BF5}.Debug|Any CPU.Build.0 = Debug|Any CPU
		{AA09B967-0B25-428A-B23E-D3D9CB212BF5}.Release|Any CPU.ActiveCfg = Release|Any CPU
		{AA09B967-0B25-428A-B23E-D3D9CB212BF5}.Release|Any CPU.Build.0 = Release|Any CPU
		{0F84612C-1C4D-4392-ACE1-D2CCDF91D550}.Debug|Any CPU.ActiveCfg = Debug|Any CPU
		{0F84612C-1C4D-4392-ACE1-D2CCDF91D550}.Debug|Any CPU.Build.0 = Debug|Any CPU
		{0F84612C-1C4D-4392-ACE1-D2CCDF91D550}.Release|Any CPU.ActiveCfg = Release|Any CPU
		{0F84612C-1C4D-4392-ACE1-D2CCDF91D550}.Release|Any CPU.Build.0 = Release|Any CPU
		{7BE3D401-8643-4FE7-9F1E-F490F0F8CBD8}.Debug|Any CPU.ActiveCfg = Debug|Any CPU
		{7BE3D401-8643-4FE7-9F1E-F490F0F8CBD8}.Debug|Any CPU.Build.0 = Debug|Any CPU
		{7BE3D401-8643-4FE7-9F1E-F490F0F8CBD8}.Release|Any CPU.ActiveCfg = Release|Any CPU
		{7BE3D401-8643-4FE7-9F1E-F490F0F8CBD8}.Release|Any CPU.Build.0 = Release|Any CPU
	EndGlobalSection
	GlobalSection(SolutionProperties) = preSolution
		HideSolutionNode = FALSE
	EndGlobalSection
	GlobalSection(ExtensibilityGlobals) = postSolution
		SolutionGuid = {8D71B877-11C0-4B4A-A247-8BAF000886F8}
	EndGlobalSection
EndGlobal
