
Microsoft Visual Studio Solution File, Format Version 12.00
# Visual Studio Version 16
VisualStudioVersion = 16.0.30204.135
MinimumVisualStudioVersion = 10.0.40219.1
Project("{9A19103F-16F7-4668-BE54-9A1E7A4F7556}") = "01. Ranking", "01. Ranking\01. Ranking.csproj", "{D1886700-FAEB-4928-B561-E6DED18EEF6C}"
EndProject
Project("{9A19103F-16F7-4668-BE54-9A1E7A4F7556}") = "02. Judge", "02. Judge\02. Judge.csproj", "{C408BA6F-88EE-4760-9F6E-B16077021EA2}"
EndProject
Project("{9A19103F-16F7-4668-BE54-9A1E7A4F7556}") = "03. MOBA Challenger", "03. MOBA Challenger\03. MOBA Challenger.csproj", "{D2155D7A-441B-4029-BB6A-91ADB5CCFD14}"
EndProject
Project("{9A19103F-16F7-4668-BE54-9A1E7A4F7556}") = "04. Snowwhite", "04. Snowwhite\04. Snowwhite.csproj", "{7E04BF71-2753-4DEC-9BCA-2BC7ADD67A8A}"
EndProject
Project("{FAE04EC0-301F-11D3-BF4B-00C04F79EFBC}") = "05. Dragon Army", "05. Dragon Army\05. Dragon Army.csproj", "{0E4F44E4-A836-4481-AEA5-109C023FC7B4}"
EndProject
Global
	GlobalSection(SolutionConfigurationPlatforms) = preSolution
		Debug|Any CPU = Debug|Any CPU
		Release|Any CPU = Release|Any CPU
	EndGlobalSection
	GlobalSection(ProjectConfigurationPlatforms) = postSolution
		{D1886700-FAEB-4928-B561-E6DED18EEF6C}.Debug|Any CPU.ActiveCfg = Debug|Any CPU
		{D1886700-FAEB-4928-B561-E6DED18EEF6C}.Debug|Any CPU.Build.0 = Debug|Any CPU
		{D1886700-FAEB-4928-B561-E6DED18EEF6C}.Release|Any CPU.ActiveCfg = Release|Any CPU
		{D1886700-FAEB-4928-B561-E6DED18EEF6C}.Release|Any CPU.Build.0 = Release|Any CPU
		{C408BA6F-88EE-4760-9F6E-B16077021EA2}.Debug|Any CPU.ActiveCfg = Debug|Any CPU
		{C408BA6F-88EE-4760-9F6E-B16077021EA2}.Debug|Any CPU.Build.0 = Debug|Any CPU
		{C408BA6F-88EE-4760-9F6E-B16077021EA2}.Release|Any CPU.ActiveCfg = Release|Any CPU
		{C408BA6F-88EE-4760-9F6E-B16077021EA2}.Release|Any CPU.Build.0 = Release|Any CPU
		{D2155D7A-441B-4029-BB6A-91ADB5CCFD14}.Debug|Any CPU.ActiveCfg = Debug|Any CPU
		{D2155D7A-441B-4029-BB6A-91ADB5CCFD14}.Debug|Any CPU.Build.0 = Debug|Any CPU
		{D2155D7A-441B-4029-BB6A-91ADB5CCFD14}.Release|Any CPU.ActiveCfg = Release|Any CPU
		{D2155D7A-441B-4029-BB6A-91ADB5CCFD14}.Release|Any CPU.Build.0 = Release|Any CPU
		{7E04BF71-2753-4DEC-9BCA-2BC7ADD67A8A}.Debug|Any CPU.ActiveCfg = Debug|Any CPU
		{7E04BF71-2753-4DEC-9BCA-2BC7ADD67A8A}.Debug|Any CPU.Build.0 = Debug|Any CPU
		{7E04BF71-2753-4DEC-9BCA-2BC7ADD67A8A}.Release|Any CPU.ActiveCfg = Release|Any CPU
		{7E04BF71-2753-4DEC-9BCA-2BC7ADD67A8A}.Release|Any CPU.Build.0 = Release|Any CPU
		{0E4F44E4-A836-4481-AEA5-109C023FC7B4}.Debug|Any CPU.ActiveCfg = Debug|Any CPU
		{0E4F44E4-A836-4481-AEA5-109C023FC7B4}.Debug|Any CPU.Build.0 = Debug|Any CPU
		{0E4F44E4-A836-4481-AEA5-109C023FC7B4}.Release|Any CPU.ActiveCfg = Release|Any CPU
		{0E4F44E4-A836-4481-AEA5-109C023FC7B4}.Release|Any CPU.Build.0 = Release|Any CPU
	EndGlobalSection
	GlobalSection(SolutionProperties) = preSolution
		HideSolutionNode = FALSE
	EndGlobalSection
	GlobalSection(ExtensibilityGlobals) = postSolution
		SolutionGuid = {C7DAE9F2-8655-485F-984E-388BC6FF656C}
	EndGlobalSection
EndGlobal
