
Microsoft Visual Studio Solution File, Format Version 12.00
# Visual Studio Version 16
VisualStudioVersion = 16.0.31624.102
MinimumVisualStudioVersion = 10.0.40219.1
Project("{FAE04EC0-301F-11D3-BF4B-00C04F79EFBC}") = "WebApiExercise", "WebApiExercise.csproj", "{1FF08636-AB37-4814-8D55-A88099FE74E9}"
EndProject
Project("{FAE04EC0-301F-11D3-BF4B-00C04F79EFBC}") = "WebApiExercise.Data", "..\WebApiExercise.Data\WebApiExercise.Data.csproj", "{886AC26F-6017-4F95-9389-F6248878C77F}"
EndProject
Project("{FAE04EC0-301F-11D3-BF4B-00C04F79EFBC}") = "WebApiExercise.ViewModels", "..\WebApiExercise.ViewModels\WebApiExercise.ViewModels.csproj", "{E1C52355-7E18-4733-BC4E-009E80B4BD15}"
EndProject
Global
	GlobalSection(SolutionConfigurationPlatforms) = preSolution
		Debug|Any CPU = Debug|Any CPU
		Release|Any CPU = Release|Any CPU
	EndGlobalSection
	GlobalSection(ProjectConfigurationPlatforms) = postSolution
		{1FF08636-AB37-4814-8D55-A88099FE74E9}.Debug|Any CPU.ActiveCfg = Debug|Any CPU
		{1FF08636-AB37-4814-8D55-A88099FE74E9}.Debug|Any CPU.Build.0 = Debug|Any CPU
		{1FF08636-AB37-4814-8D55-A88099FE74E9}.Release|Any CPU.ActiveCfg = Release|Any CPU
		{1FF08636-AB37-4814-8D55-A88099FE74E9}.Release|Any CPU.Build.0 = Release|Any CPU
		{886AC26F-6017-4F95-9389-F6248878C77F}.Debug|Any CPU.ActiveCfg = Debug|Any CPU
		{886AC26F-6017-4F95-9389-F6248878C77F}.Debug|Any CPU.Build.0 = Debug|Any CPU
		{886AC26F-6017-4F95-9389-F6248878C77F}.Release|Any CPU.ActiveCfg = Release|Any CPU
		{886AC26F-6017-4F95-9389-F6248878C77F}.Release|Any CPU.Build.0 = Release|Any CPU
		{E1C52355-7E18-4733-BC4E-009E80B4BD15}.Debug|Any CPU.ActiveCfg = Debug|Any CPU
		{E1C52355-7E18-4733-BC4E-009E80B4BD15}.Debug|Any CPU.Build.0 = Debug|Any CPU
		{E1C52355-7E18-4733-BC4E-009E80B4BD15}.Release|Any CPU.ActiveCfg = Release|Any CPU
		{E1C52355-7E18-4733-BC4E-009E80B4BD15}.Release|Any CPU.Build.0 = Release|Any CPU
	EndGlobalSection
	GlobalSection(SolutionProperties) = preSolution
		HideSolutionNode = FALSE
	EndGlobalSection
	GlobalSection(ExtensibilityGlobals) = postSolution
		SolutionGuid = {58619E2D-F793-46C8-A5DC-F2FDD4EAB3C4}
	EndGlobalSection
EndGlobal
