
Microsoft Visual Studio Solution File, Format Version 12.00
# Visual Studio Version 16
VisualStudioVersion = 16.0.29424.173
MinimumVisualStudioVersion = 10.0.40219.1
Project("{9A19103F-16F7-4668-BE54-9A1E7A4F7556}") = "01. Choose a Drink", "01. Choose a Drink\01. Choose a Drink.csproj", "{2793EA00-22BD-401C-9F79-DFD5D836C930}"
EndProject
Project("{9A19103F-16F7-4668-BE54-9A1E7A4F7556}") = "02. Choose a Drink 2.0", "02. Choose a Drink 2.0\02. Choose a Drink 2.0.csproj", "{E19C5949-75C8-4136-BF1F-DB86F898F07E}"
EndProject
Project("{9A19103F-16F7-4668-BE54-9A1E7A4F7556}") = "03. Restaurant Discount", "03. Restaurant Discount\03. Restaurant Discount.csproj", "{06D848ED-3648-4E50-B3FD-E020AEBC39D2}"
EndProject
Project("{9A19103F-16F7-4668-BE54-9A1E7A4F7556}") = "04. Hotel", "04. Hotel\04. Hotel.csproj", "{0AD9D9EC-CCFC-4F40-830B-1FDF704731F6}"
EndProject
Project("{9A19103F-16F7-4668-BE54-9A1E7A4F7556}") = "05. Word in Plural", "05. Word in Plural\05. Word in Plural.csproj", "{355D577A-CDC7-4CB7-B54B-D2491C73B9E9}"
EndProject
Project("{9A19103F-16F7-4668-BE54-9A1E7A4F7556}") = "06. Interval of Numbers", "06. Interval of Numbers\06. Interval of Numbers.csproj", "{5AA5E3FF-BE63-4E68-A534-663C8F1014A7}"
EndProject
Project("{9A19103F-16F7-4668-BE54-9A1E7A4F7556}") = "07. Cake Ingredients", "07. Cake Ingredients\07. Cake Ingredients.csproj", "{1529E375-41E8-4AB4-99CD-12F9999BF994}"
EndProject
Project("{9A19103F-16F7-4668-BE54-9A1E7A4F7556}") = "08. Calories Counter", "08. Calories Counter\08. Calories Counter.csproj", "{E06EF6B7-2DCC-4407-BD50-31E8943A0822}"
EndProject
Project("{FAE04EC0-301F-11D3-BF4B-00C04F79EFBC}") = "09. Count the Integers", "09. Count the Integers\09. Count the Integers.csproj", "{29C06CB3-BA76-4AFE-BF3C-694E3C0BAEE5}"
EndProject
Project("{FAE04EC0-301F-11D3-BF4B-00C04F79EFBC}") = "10. Triangle of Numbers", "10. Triangle of Numbers\10. Triangle of Numbers.csproj", "{27196EE9-92B6-497A-8D1B-19A4844704CA}"
EndProject
Project("{FAE04EC0-301F-11D3-BF4B-00C04F79EFBC}") = "11. 5 Different Numbers", "11. 5 Different Numbers\11. 5 Different Numbers.csproj", "{1C0611EC-46F9-48F1-9F51-BF8F117867B5}"
EndProject
Project("{FAE04EC0-301F-11D3-BF4B-00C04F79EFBC}") = "12. Test Numbers", "12. Test Numbers\12. Test Numbers.csproj", "{BD30DC82-6942-4B63-86C3-87B5C6AABF06}"
EndProject
Project("{FAE04EC0-301F-11D3-BF4B-00C04F79EFBC}") = "13. Game of Numbers", "13. Game of Numbers\13. Game of Numbers.csproj", "{CCB52E1B-ACDE-4242-B71E-A676C679F77E}"
EndProject
Project("{FAE04EC0-301F-11D3-BF4B-00C04F79EFBC}") = "14. Magic Letter", "14. Magic Letter\14. Magic Letter.csproj", "{A567F335-E025-47BD-B0AC-A9BAC17A679B}"
EndProject
Project("{FAE04EC0-301F-11D3-BF4B-00C04F79EFBC}") = "15. Neighbour Wars", "15. Neighbour Wars\15. Neighbour Wars.csproj", "{6832FF96-E570-45A2-88B5-5691FA792159}"
EndProject
Global
	GlobalSection(SolutionConfigurationPlatforms) = preSolution
		Debug|Any CPU = Debug|Any CPU
		Release|Any CPU = Release|Any CPU
	EndGlobalSection
	GlobalSection(ProjectConfigurationPlatforms) = postSolution
		{2793EA00-22BD-401C-9F79-DFD5D836C930}.Debug|Any CPU.ActiveCfg = Debug|Any CPU
		{2793EA00-22BD-401C-9F79-DFD5D836C930}.Debug|Any CPU.Build.0 = Debug|Any CPU
		{2793EA00-22BD-401C-9F79-DFD5D836C930}.Release|Any CPU.ActiveCfg = Release|Any CPU
		{2793EA00-22BD-401C-9F79-DFD5D836C930}.Release|Any CPU.Build.0 = Release|Any CPU
		{E19C5949-75C8-4136-BF1F-DB86F898F07E}.Debug|Any CPU.ActiveCfg = Debug|Any CPU
		{E19C5949-75C8-4136-BF1F-DB86F898F07E}.Debug|Any CPU.Build.0 = Debug|Any CPU
		{E19C5949-75C8-4136-BF1F-DB86F898F07E}.Release|Any CPU.ActiveCfg = Release|Any CPU
		{E19C5949-75C8-4136-BF1F-DB86F898F07E}.Release|Any CPU.Build.0 = Release|Any CPU
		{06D848ED-3648-4E50-B3FD-E020AEBC39D2}.Debug|Any CPU.ActiveCfg = Debug|Any CPU
		{06D848ED-3648-4E50-B3FD-E020AEBC39D2}.Debug|Any CPU.Build.0 = Debug|Any CPU
		{06D848ED-3648-4E50-B3FD-E020AEBC39D2}.Release|Any CPU.ActiveCfg = Release|Any CPU
		{06D848ED-3648-4E50-B3FD-E020AEBC39D2}.Release|Any CPU.Build.0 = Release|Any CPU
		{0AD9D9EC-CCFC-4F40-830B-1FDF704731F6}.Debug|Any CPU.ActiveCfg = Debug|Any CPU
		{0AD9D9EC-CCFC-4F40-830B-1FDF704731F6}.Debug|Any CPU.Build.0 = Debug|Any CPU
		{0AD9D9EC-CCFC-4F40-830B-1FDF704731F6}.Release|Any CPU.ActiveCfg = Release|Any CPU
		{0AD9D9EC-CCFC-4F40-830B-1FDF704731F6}.Release|Any CPU.Build.0 = Release|Any CPU
		{355D577A-CDC7-4CB7-B54B-D2491C73B9E9}.Debug|Any CPU.ActiveCfg = Debug|Any CPU
		{355D577A-CDC7-4CB7-B54B-D2491C73B9E9}.Debug|Any CPU.Build.0 = Debug|Any CPU
		{355D577A-CDC7-4CB7-B54B-D2491C73B9E9}.Release|Any CPU.ActiveCfg = Release|Any CPU
		{355D577A-CDC7-4CB7-B54B-D2491C73B9E9}.Release|Any CPU.Build.0 = Release|Any CPU
		{5AA5E3FF-BE63-4E68-A534-663C8F1014A7}.Debug|Any CPU.ActiveCfg = Debug|Any CPU
		{5AA5E3FF-BE63-4E68-A534-663C8F1014A7}.Debug|Any CPU.Build.0 = Debug|Any CPU
		{5AA5E3FF-BE63-4E68-A534-663C8F1014A7}.Release|Any CPU.ActiveCfg = Release|Any CPU
		{5AA5E3FF-BE63-4E68-A534-663C8F1014A7}.Release|Any CPU.Build.0 = Release|Any CPU
		{1529E375-41E8-4AB4-99CD-12F9999BF994}.Debug|Any CPU.ActiveCfg = Debug|Any CPU
		{1529E375-41E8-4AB4-99CD-12F9999BF994}.Debug|Any CPU.Build.0 = Debug|Any CPU
		{1529E375-41E8-4AB4-99CD-12F9999BF994}.Release|Any CPU.ActiveCfg = Release|Any CPU
		{1529E375-41E8-4AB4-99CD-12F9999BF994}.Release|Any CPU.Build.0 = Release|Any CPU
		{E06EF6B7-2DCC-4407-BD50-31E8943A0822}.Debug|Any CPU.ActiveCfg = Debug|Any CPU
		{E06EF6B7-2DCC-4407-BD50-31E8943A0822}.Debug|Any CPU.Build.0 = Debug|Any CPU
		{E06EF6B7-2DCC-4407-BD50-31E8943A0822}.Release|Any CPU.ActiveCfg = Release|Any CPU
		{E06EF6B7-2DCC-4407-BD50-31E8943A0822}.Release|Any CPU.Build.0 = Release|Any CPU
		{29C06CB3-BA76-4AFE-BF3C-694E3C0BAEE5}.Debug|Any CPU.ActiveCfg = Debug|Any CPU
		{29C06CB3-BA76-4AFE-BF3C-694E3C0BAEE5}.Debug|Any CPU.Build.0 = Debug|Any CPU
		{29C06CB3-BA76-4AFE-BF3C-694E3C0BAEE5}.Release|Any CPU.ActiveCfg = Release|Any CPU
		{29C06CB3-BA76-4AFE-BF3C-694E3C0BAEE5}.Release|Any CPU.Build.0 = Release|Any CPU
		{27196EE9-92B6-497A-8D1B-19A4844704CA}.Debug|Any CPU.ActiveCfg = Debug|Any CPU
		{27196EE9-92B6-497A-8D1B-19A4844704CA}.Debug|Any CPU.Build.0 = Debug|Any CPU
		{27196EE9-92B6-497A-8D1B-19A4844704CA}.Release|Any CPU.ActiveCfg = Release|Any CPU
		{27196EE9-92B6-497A-8D1B-19A4844704CA}.Release|Any CPU.Build.0 = Release|Any CPU
		{1C0611EC-46F9-48F1-9F51-BF8F117867B5}.Debug|Any CPU.ActiveCfg = Debug|Any CPU
		{1C0611EC-46F9-48F1-9F51-BF8F117867B5}.Debug|Any CPU.Build.0 = Debug|Any CPU
		{1C0611EC-46F9-48F1-9F51-BF8F117867B5}.Release|Any CPU.ActiveCfg = Release|Any CPU
		{1C0611EC-46F9-48F1-9F51-BF8F117867B5}.Release|Any CPU.Build.0 = Release|Any CPU
		{BD30DC82-6942-4B63-86C3-87B5C6AABF06}.Debug|Any CPU.ActiveCfg = Debug|Any CPU
		{BD30DC82-6942-4B63-86C3-87B5C6AABF06}.Debug|Any CPU.Build.0 = Debug|Any CPU
		{BD30DC82-6942-4B63-86C3-87B5C6AABF06}.Release|Any CPU.ActiveCfg = Release|Any CPU
		{BD30DC82-6942-4B63-86C3-87B5C6AABF06}.Release|Any CPU.Build.0 = Release|Any CPU
		{CCB52E1B-ACDE-4242-B71E-A676C679F77E}.Debug|Any CPU.ActiveCfg = Debug|Any CPU
		{CCB52E1B-ACDE-4242-B71E-A676C679F77E}.Debug|Any CPU.Build.0 = Debug|Any CPU
		{CCB52E1B-ACDE-4242-B71E-A676C679F77E}.Release|Any CPU.ActiveCfg = Release|Any CPU
		{CCB52E1B-ACDE-4242-B71E-A676C679F77E}.Release|Any CPU.Build.0 = Release|Any CPU
		{A567F335-E025-47BD-B0AC-A9BAC17A679B}.Debug|Any CPU.ActiveCfg = Debug|Any CPU
		{A567F335-E025-47BD-B0AC-A9BAC17A679B}.Debug|Any CPU.Build.0 = Debug|Any CPU
		{A567F335-E025-47BD-B0AC-A9BAC17A679B}.Release|Any CPU.ActiveCfg = Release|Any CPU
		{A567F335-E025-47BD-B0AC-A9BAC17A679B}.Release|Any CPU.Build.0 = Release|Any CPU
		{6832FF96-E570-45A2-88B5-5691FA792159}.Debug|Any CPU.ActiveCfg = Debug|Any CPU
		{6832FF96-E570-45A2-88B5-5691FA792159}.Debug|Any CPU.Build.0 = Debug|Any CPU
		{6832FF96-E570-45A2-88B5-5691FA792159}.Release|Any CPU.ActiveCfg = Release|Any CPU
		{6832FF96-E570-45A2-88B5-5691FA792159}.Release|Any CPU.Build.0 = Release|Any CPU
	EndGlobalSection
	GlobalSection(SolutionProperties) = preSolution
		HideSolutionNode = FALSE
	EndGlobalSection
	GlobalSection(ExtensibilityGlobals) = postSolution
		SolutionGuid = {5FBFC581-ECBC-47B9-9920-715654DF493B}
	EndGlobalSection
EndGlobal
