
Microsoft Visual Studio Solution File, Format Version 12.00
# Visual Studio Version 16
VisualStudioVersion = 16.0.29424.173
MinimumVisualStudioVersion = 10.0.40219.1
Project("{FAE04EC0-301F-11D3-BF4B-00C04F79EFBC}") = "01. Easter Cozonacs", "01. Easter Cozonacs\01. Easter Cozonacs.csproj", "{5C0BA3D5-2CE0-4A73-AEFA-7F88337C8CBE}"
EndProject
Project("{FAE04EC0-301F-11D3-BF4B-00C04F79EFBC}") = "02. Easter Gifts", "02. Easter Gifts\02. Easter Gifts.csproj", "{A5152E81-C06F-4567-AFA8-ACF06CDB55C6}"
EndProject
Project("{FAE04EC0-301F-11D3-BF4B-00C04F79EFBC}") = "03. Easter Shopping", "03. Easter Shopping\03. Easter Shopping.csproj", "{FD77E9C9-6DB2-4E92-81AE-B25F49A9F172}"
EndProject
Global
	GlobalSection(SolutionConfigurationPlatforms) = preSolution
		Debug|Any CPU = Debug|Any CPU
		Release|Any CPU = Release|Any CPU
	EndGlobalSection
	GlobalSection(ProjectConfigurationPlatforms) = postSolution
		{5C0BA3D5-2CE0-4A73-AEFA-7F88337C8CBE}.Debug|Any CPU.ActiveCfg = Debug|Any CPU
		{5C0BA3D5-2CE0-4A73-AEFA-7F88337C8CBE}.Debug|Any CPU.Build.0 = Debug|Any CPU
		{5C0BA3D5-2CE0-4A73-AEFA-7F88337C8CBE}.Release|Any CPU.ActiveCfg = Release|Any CPU
		{5C0BA3D5-2CE0-4A73-AEFA-7F88337C8CBE}.Release|Any CPU.Build.0 = Release|Any CPU
		{A5152E81-C06F-4567-AFA8-ACF06CDB55C6}.Debug|Any CPU.ActiveCfg = Debug|Any CPU
		{A5152E81-C06F-4567-AFA8-ACF06CDB55C6}.Debug|Any CPU.Build.0 = Debug|Any CPU
		{A5152E81-C06F-4567-AFA8-ACF06CDB55C6}.Release|Any CPU.ActiveCfg = Release|Any CPU
		{A5152E81-C06F-4567-AFA8-ACF06CDB55C6}.Release|Any CPU.Build.0 = Release|Any CPU
		{FD77E9C9-6DB2-4E92-81AE-B25F49A9F172}.Debug|Any CPU.ActiveCfg = Debug|Any CPU
		{FD77E9C9-6DB2-4E92-81AE-B25F49A9F172}.Debug|Any CPU.Build.0 = Debug|Any CPU
		{FD77E9C9-6DB2-4E92-81AE-B25F49A9F172}.Release|Any CPU.ActiveCfg = Release|Any CPU
		{FD77E9C9-6DB2-4E92-81AE-B25F49A9F172}.Release|Any CPU.Build.0 = Release|Any CPU
	EndGlobalSection
	GlobalSection(SolutionProperties) = preSolution
		HideSolutionNode = FALSE
	EndGlobalSection
	GlobalSection(ExtensibilityGlobals) = postSolution
		SolutionGuid = {89808839-1F64-4EE3-8674-4AD6E90895B4}
	EndGlobalSection
EndGlobal
