
Microsoft Visual Studio Solution File, Format Version 12.00
# Visual Studio Version 16
VisualStudioVersion = 16.0.30320.27
MinimumVisualStudioVersion = 10.0.40219.1
Project("{FAE04EC0-301F-11D3-BF4B-00C04F79EFBC}") = "01. Nikulden’s Charity", "01. Nikulden’s Charity\01. Nikulden’s Charity.csproj", "{918D3288-D3A5-43FE-A86C-742D313BA83B}"
EndProject
Project("{FAE04EC0-301F-11D3-BF4B-00C04F79EFBC}") = "02. Message Translator", "02. Message Translator\02. Message Translator.csproj", "{FACBE6A1-26E9-43B4-A28C-FF08BF076B6C}"
EndProject
Project("{FAE04EC0-301F-11D3-BF4B-00C04F79EFBC}") = "03. Nikulden’s meals", "03. Nikulden’s meals\03. Nikulden’s meals.csproj", "{B028E417-99C5-4D17-A553-CD09931066A7}"
EndProject
Global
	GlobalSection(SolutionConfigurationPlatforms) = preSolution
		Debug|Any CPU = Debug|Any CPU
		Release|Any CPU = Release|Any CPU
	EndGlobalSection
	GlobalSection(ProjectConfigurationPlatforms) = postSolution
		{918D3288-D3A5-43FE-A86C-742D313BA83B}.Debug|Any CPU.ActiveCfg = Debug|Any CPU
		{918D3288-D3A5-43FE-A86C-742D313BA83B}.Debug|Any CPU.Build.0 = Debug|Any CPU
		{918D3288-D3A5-43FE-A86C-742D313BA83B}.Release|Any CPU.ActiveCfg = Release|Any CPU
		{918D3288-D3A5-43FE-A86C-742D313BA83B}.Release|Any CPU.Build.0 = Release|Any CPU
		{FACBE6A1-26E9-43B4-A28C-FF08BF076B6C}.Debug|Any CPU.ActiveCfg = Debug|Any CPU
		{FACBE6A1-26E9-43B4-A28C-FF08BF076B6C}.Debug|Any CPU.Build.0 = Debug|Any CPU
		{FACBE6A1-26E9-43B4-A28C-FF08BF076B6C}.Release|Any CPU.ActiveCfg = Release|Any CPU
		{FACBE6A1-26E9-43B4-A28C-FF08BF076B6C}.Release|Any CPU.Build.0 = Release|Any CPU
		{B028E417-99C5-4D17-A553-CD09931066A7}.Debug|Any CPU.ActiveCfg = Debug|Any CPU
		{B028E417-99C5-4D17-A553-CD09931066A7}.Debug|Any CPU.Build.0 = Debug|Any CPU
		{B028E417-99C5-4D17-A553-CD09931066A7}.Release|Any CPU.ActiveCfg = Release|Any CPU
		{B028E417-99C5-4D17-A553-CD09931066A7}.Release|Any CPU.Build.0 = Release|Any CPU
	EndGlobalSection
	GlobalSection(SolutionProperties) = preSolution
		HideSolutionNode = FALSE
	EndGlobalSection
	GlobalSection(ExtensibilityGlobals) = postSolution
		SolutionGuid = {0E0BC1CE-7B7C-48F2-8A48-5A740AC3DCB1}
	EndGlobalSection
EndGlobal
