
Microsoft Visual Studio Solution File, Format Version 12.00
# Visual Studio Version 16
VisualStudioVersion = 16.0.30320.27
MinimumVisualStudioVersion = 10.0.40219.1
Project("{FAE04EC0-301F-11D3-BF4B-00C04F79EFBC}") = "01. Warrior's Quest", "01. Warrior's Quest\01. Warrior's Quest.csproj", "{7131BCD7-7A99-4BBA-B575-C697FA28B567}"
EndProject
Project("{FAE04EC0-301F-11D3-BF4B-00C04F79EFBC}") = "02. Boss Rush", "02. Boss Rush\02. Boss Rush.csproj", "{4550EBCB-F6B0-416E-82D1-9DE3578CB61E}"
EndProject
Project("{FAE04EC0-301F-11D3-BF4B-00C04F79EFBC}") = "03. Hero Recruitment", "03. Hero Recruitment\03. Hero Recruitment.csproj", "{43B5D88C-C75A-4EE6-ACF3-3950EE086FF1}"
EndProject
Global
	GlobalSection(SolutionConfigurationPlatforms) = preSolution
		Debug|Any CPU = Debug|Any CPU
		Release|Any CPU = Release|Any CPU
	EndGlobalSection
	GlobalSection(ProjectConfigurationPlatforms) = postSolution
		{7131BCD7-7A99-4BBA-B575-C697FA28B567}.Debug|Any CPU.ActiveCfg = Debug|Any CPU
		{7131BCD7-7A99-4BBA-B575-C697FA28B567}.Debug|Any CPU.Build.0 = Debug|Any CPU
		{7131BCD7-7A99-4BBA-B575-C697FA28B567}.Release|Any CPU.ActiveCfg = Release|Any CPU
		{7131BCD7-7A99-4BBA-B575-C697FA28B567}.Release|Any CPU.Build.0 = Release|Any CPU
		{4550EBCB-F6B0-416E-82D1-9DE3578CB61E}.Debug|Any CPU.ActiveCfg = Debug|Any CPU
		{4550EBCB-F6B0-416E-82D1-9DE3578CB61E}.Debug|Any CPU.Build.0 = Debug|Any CPU
		{4550EBCB-F6B0-416E-82D1-9DE3578CB61E}.Release|Any CPU.ActiveCfg = Release|Any CPU
		{4550EBCB-F6B0-416E-82D1-9DE3578CB61E}.Release|Any CPU.Build.0 = Release|Any CPU
		{43B5D88C-C75A-4EE6-ACF3-3950EE086FF1}.Debug|Any CPU.ActiveCfg = Debug|Any CPU
		{43B5D88C-C75A-4EE6-ACF3-3950EE086FF1}.Debug|Any CPU.Build.0 = Debug|Any CPU
		{43B5D88C-C75A-4EE6-ACF3-3950EE086FF1}.Release|Any CPU.ActiveCfg = Release|Any CPU
		{43B5D88C-C75A-4EE6-ACF3-3950EE086FF1}.Release|Any CPU.Build.0 = Release|Any CPU
	EndGlobalSection
	GlobalSection(SolutionProperties) = preSolution
		HideSolutionNode = FALSE
	EndGlobalSection
	GlobalSection(ExtensibilityGlobals) = postSolution
		SolutionGuid = {AAD9F881-0B8A-440C-AB93-16C0AD80F6B5}
	EndGlobalSection
EndGlobal
