
Microsoft Visual Studio Solution File, Format Version 12.00
# Visual Studio Version 16
VisualStudioVersion = 16.0.29806.167
MinimumVisualStudioVersion = 10.0.40219.1
Project("{FAE04EC0-301F-11D3-BF4B-00C04F79EFBC}") = "01.Giftbox Coverage", "01.Giftbox Coverage\01.Giftbox Coverage.csproj", "{DC48BC44-D1BB-4864-BA35-338E4C5DF3F6}"
EndProject
Project("{FAE04EC0-301F-11D3-BF4B-00C04F79EFBC}") = "02.Tasks Planner", "02.Tasks Planner\02.Tasks Planner.csproj", "{555C13BF-427A-4172-96BE-8F81F3B95F84}"
EndProject
Project("{FAE04EC0-301F-11D3-BF4B-00C04F79EFBC}") = "03.Froggy Squad", "Froggy Squad\03.Froggy Squad.csproj", "{0E0BA08F-8AF6-41A7-9340-BAC4E6250702}"
EndProject
Global
	GlobalSection(SolutionConfigurationPlatforms) = preSolution
		Debug|Any CPU = Debug|Any CPU
		Release|Any CPU = Release|Any CPU
	EndGlobalSection
	GlobalSection(ProjectConfigurationPlatforms) = postSolution
		{DC48BC44-D1BB-4864-BA35-338E4C5DF3F6}.Debug|Any CPU.ActiveCfg = Debug|Any CPU
		{DC48BC44-D1BB-4864-BA35-338E4C5DF3F6}.Debug|Any CPU.Build.0 = Debug|Any CPU
		{DC48BC44-D1BB-4864-BA35-338E4C5DF3F6}.Release|Any CPU.ActiveCfg = Release|Any CPU
		{DC48BC44-D1BB-4864-BA35-338E4C5DF3F6}.Release|Any CPU.Build.0 = Release|Any CPU
		{555C13BF-427A-4172-96BE-8F81F3B95F84}.Debug|Any CPU.ActiveCfg = Debug|Any CPU
		{555C13BF-427A-4172-96BE-8F81F3B95F84}.Debug|Any CPU.Build.0 = Debug|Any CPU
		{555C13BF-427A-4172-96BE-8F81F3B95F84}.Release|Any CPU.ActiveCfg = Release|Any CPU
		{555C13BF-427A-4172-96BE-8F81F3B95F84}.Release|Any CPU.Build.0 = Release|Any CPU
		{0E0BA08F-8AF6-41A7-9340-BAC4E6250702}.Debug|Any CPU.ActiveCfg = Debug|Any CPU
		{0E0BA08F-8AF6-41A7-9340-BAC4E6250702}.Debug|Any CPU.Build.0 = Debug|Any CPU
		{0E0BA08F-8AF6-41A7-9340-BAC4E6250702}.Release|Any CPU.ActiveCfg = Release|Any CPU
		{0E0BA08F-8AF6-41A7-9340-BAC4E6250702}.Release|Any CPU.Build.0 = Release|Any CPU
	EndGlobalSection
	GlobalSection(SolutionProperties) = preSolution
		HideSolutionNode = FALSE
	EndGlobalSection
	GlobalSection(ExtensibilityGlobals) = postSolution
		SolutionGuid = {BE5D339A-D5D5-4C61-9204-2549C9F5AC49}
	EndGlobalSection
EndGlobal
