
Microsoft Visual Studio Solution File, Format Version 12.00
# Visual Studio Version 16
VisualStudioVersion = 16.0.30128.74
MinimumVisualStudioVersion = 10.0.40219.1
Project("{FAE04EC0-301F-11D3-BF4B-00C04F79EFBC}") = "01. Biscuits Factory", "01. Biscuits Factory\01. Biscuits Factory.csproj", "{770025D6-FF88-4B33-8058-C117297F79B4}"
EndProject
Project("{FAE04EC0-301F-11D3-BF4B-00C04F79EFBC}") = "02. Weaponsmith", "02. Weaponsmith\02. Weaponsmith.csproj", "{F76B6EC5-B53E-4A10-B186-1ECAB3A06BAD}"
EndProject
Project("{FAE04EC0-301F-11D3-BF4B-00C04F79EFBC}") = "03. Wizard Poker", "03. Wizard Poker\03. Wizard Poker.csproj", "{4A5B0586-705B-4391-8101-A12D8A73843C}"
EndProject
Global
	GlobalSection(SolutionConfigurationPlatforms) = preSolution
		Debug|Any CPU = Debug|Any CPU
		Release|Any CPU = Release|Any CPU
	EndGlobalSection
	GlobalSection(ProjectConfigurationPlatforms) = postSolution
		{770025D6-FF88-4B33-8058-C117297F79B4}.Debug|Any CPU.ActiveCfg = Debug|Any CPU
		{770025D6-FF88-4B33-8058-C117297F79B4}.Debug|Any CPU.Build.0 = Debug|Any CPU
		{770025D6-FF88-4B33-8058-C117297F79B4}.Release|Any CPU.ActiveCfg = Release|Any CPU
		{770025D6-FF88-4B33-8058-C117297F79B4}.Release|Any CPU.Build.0 = Release|Any CPU
		{F76B6EC5-B53E-4A10-B186-1ECAB3A06BAD}.Debug|Any CPU.ActiveCfg = Debug|Any CPU
		{F76B6EC5-B53E-4A10-B186-1ECAB3A06BAD}.Debug|Any CPU.Build.0 = Debug|Any CPU
		{F76B6EC5-B53E-4A10-B186-1ECAB3A06BAD}.Release|Any CPU.ActiveCfg = Release|Any CPU
		{F76B6EC5-B53E-4A10-B186-1ECAB3A06BAD}.Release|Any CPU.Build.0 = Release|Any CPU
		{4A5B0586-705B-4391-8101-A12D8A73843C}.Debug|Any CPU.ActiveCfg = Debug|Any CPU
		{4A5B0586-705B-4391-8101-A12D8A73843C}.Debug|Any CPU.Build.0 = Debug|Any CPU
		{4A5B0586-705B-4391-8101-A12D8A73843C}.Release|Any CPU.ActiveCfg = Release|Any CPU
		{4A5B0586-705B-4391-8101-A12D8A73843C}.Release|Any CPU.Build.0 = Release|Any CPU
	EndGlobalSection
	GlobalSection(SolutionProperties) = preSolution
		HideSolutionNode = FALSE
	EndGlobalSection
	GlobalSection(ExtensibilityGlobals) = postSolution
		SolutionGuid = {6A308302-1B77-4FE1-B0A3-5EADBDCDC168}
	EndGlobalSection
EndGlobal
