
Microsoft Visual Studio Solution File, Format Version 12.00
# Visual Studio Version 16
VisualStudioVersion = 16.0.30204.135
MinimumVisualStudioVersion = 10.0.40219.1
Project("{9A19103F-16F7-4668-BE54-9A1E7A4F7556}") = "01. Messaging", "01. Messaging\01. Messaging.csproj", "{5A25271C-549B-47D0-977D-983C98CDC409}"
EndProject
Project("{9A19103F-16F7-4668-BE54-9A1E7A4F7556}") = "02. Car Race", "02. Car Race\02. Car Race.csproj", "{79DBF916-42C0-46CD-95C1-52DB391BF4B8}"
EndProject
Project("{9A19103F-16F7-4668-BE54-9A1E7A4F7556}") = "03. TakeSkip Rope", "03. TakeSkip Rope\03. TakeSkip Rope.csproj", "{1C19A761-A4A3-4722-BAD4-10FCAC43F99D}"
EndProject
Project("{FAE04EC0-301F-11D3-BF4B-00C04F79EFBC}") = "04. Mixed up Lists", "04. Mixed up Lists\04. Mixed up Lists.csproj", "{F2C287DA-77A7-42DA-AA81-698539473BC6}"
EndProject
Project("{FAE04EC0-301F-11D3-BF4B-00C04F79EFBC}") = "05. Drum Set", "05. Drum Set\05. Drum Set.csproj", "{67C50039-C9FB-4784-9903-FC5CF19A4CA8}"
EndProject
Global
	GlobalSection(SolutionConfigurationPlatforms) = preSolution
		Debug|Any CPU = Debug|Any CPU
		Release|Any CPU = Release|Any CPU
	EndGlobalSection
	GlobalSection(ProjectConfigurationPlatforms) = postSolution
		{5A25271C-549B-47D0-977D-983C98CDC409}.Debug|Any CPU.ActiveCfg = Debug|Any CPU
		{5A25271C-549B-47D0-977D-983C98CDC409}.Debug|Any CPU.Build.0 = Debug|Any CPU
		{5A25271C-549B-47D0-977D-983C98CDC409}.Release|Any CPU.ActiveCfg = Release|Any CPU
		{5A25271C-549B-47D0-977D-983C98CDC409}.Release|Any CPU.Build.0 = Release|Any CPU
		{79DBF916-42C0-46CD-95C1-52DB391BF4B8}.Debug|Any CPU.ActiveCfg = Debug|Any CPU
		{79DBF916-42C0-46CD-95C1-52DB391BF4B8}.Debug|Any CPU.Build.0 = Debug|Any CPU
		{79DBF916-42C0-46CD-95C1-52DB391BF4B8}.Release|Any CPU.ActiveCfg = Release|Any CPU
		{79DBF916-42C0-46CD-95C1-52DB391BF4B8}.Release|Any CPU.Build.0 = Release|Any CPU
		{1C19A761-A4A3-4722-BAD4-10FCAC43F99D}.Debug|Any CPU.ActiveCfg = Debug|Any CPU
		{1C19A761-A4A3-4722-BAD4-10FCAC43F99D}.Debug|Any CPU.Build.0 = Debug|Any CPU
		{1C19A761-A4A3-4722-BAD4-10FCAC43F99D}.Release|Any CPU.ActiveCfg = Release|Any CPU
		{1C19A761-A4A3-4722-BAD4-10FCAC43F99D}.Release|Any CPU.Build.0 = Release|Any CPU
		{F2C287DA-77A7-42DA-AA81-698539473BC6}.Debug|Any CPU.ActiveCfg = Debug|Any CPU
		{F2C287DA-77A7-42DA-AA81-698539473BC6}.Debug|Any CPU.Build.0 = Debug|Any CPU
		{F2C287DA-77A7-42DA-AA81-698539473BC6}.Release|Any CPU.ActiveCfg = Release|Any CPU
		{F2C287DA-77A7-42DA-AA81-698539473BC6}.Release|Any CPU.Build.0 = Release|Any CPU
		{67C50039-C9FB-4784-9903-FC5CF19A4CA8}.Debug|Any CPU.ActiveCfg = Debug|Any CPU
		{67C50039-C9FB-4784-9903-FC5CF19A4CA8}.Debug|Any CPU.Build.0 = Debug|Any CPU
		{67C50039-C9FB-4784-9903-FC5CF19A4CA8}.Release|Any CPU.ActiveCfg = Release|Any CPU
		{67C50039-C9FB-4784-9903-FC5CF19A4CA8}.Release|Any CPU.Build.0 = Release|Any CPU
	EndGlobalSection
	GlobalSection(SolutionProperties) = preSolution
		HideSolutionNode = FALSE
	EndGlobalSection
	GlobalSection(ExtensibilityGlobals) = postSolution
		SolutionGuid = {2FB5376E-9D4A-4E91-873B-DBCC3051ADFC}
	EndGlobalSection
EndGlobal
