
Microsoft Visual Studio Solution File, Format Version 12.00
# Visual Studio Version 16
VisualStudioVersion = 16.0.30320.27
MinimumVisualStudioVersion = 10.0.40219.1
Project("{FAE04EC0-301F-11D3-BF4B-00C04F79EFBC}") = "01. World Tour", "P01\01. World Tour.csproj", "{D1840717-971C-4C07-B364-17B857BDA58F}"
EndProject
Project("{FAE04EC0-301F-11D3-BF4B-00C04F79EFBC}") = "02. Destination Mapper", "02. Destination Mapper\02. Destination Mapper.csproj", "{B76BCA72-7063-4458-BE3A-646FF3A1978D}"
EndProject
Project("{FAE04EC0-301F-11D3-BF4B-00C04F79EFBC}") = "03. Plant Discovery", "03. Plant Discovery\03. Plant Discovery.csproj", "{ADAA93F6-3B2F-40FE-841C-A33648D999DC}"
EndProject
Global
	GlobalSection(SolutionConfigurationPlatforms) = preSolution
		Debug|Any CPU = Debug|Any CPU
		Release|Any CPU = Release|Any CPU
	EndGlobalSection
	GlobalSection(ProjectConfigurationPlatforms) = postSolution
		{D1840717-971C-4C07-B364-17B857BDA58F}.Debug|Any CPU.ActiveCfg = Debug|Any CPU
		{D1840717-971C-4C07-B364-17B857BDA58F}.Debug|Any CPU.Build.0 = Debug|Any CPU
		{D1840717-971C-4C07-B364-17B857BDA58F}.Release|Any CPU.ActiveCfg = Release|Any CPU
		{D1840717-971C-4C07-B364-17B857BDA58F}.Release|Any CPU.Build.0 = Release|Any CPU
		{B76BCA72-7063-4458-BE3A-646FF3A1978D}.Debug|Any CPU.ActiveCfg = Debug|Any CPU
		{B76BCA72-7063-4458-BE3A-646FF3A1978D}.Debug|Any CPU.Build.0 = Debug|Any CPU
		{B76BCA72-7063-4458-BE3A-646FF3A1978D}.Release|Any CPU.ActiveCfg = Release|Any CPU
		{B76BCA72-7063-4458-BE3A-646FF3A1978D}.Release|Any CPU.Build.0 = Release|Any CPU
		{ADAA93F6-3B2F-40FE-841C-A33648D999DC}.Debug|Any CPU.ActiveCfg = Debug|Any CPU
		{ADAA93F6-3B2F-40FE-841C-A33648D999DC}.Debug|Any CPU.Build.0 = Debug|Any CPU
		{ADAA93F6-3B2F-40FE-841C-A33648D999DC}.Release|Any CPU.ActiveCfg = Release|Any CPU
		{ADAA93F6-3B2F-40FE-841C-A33648D999DC}.Release|Any CPU.Build.0 = Release|Any CPU
	EndGlobalSection
	GlobalSection(SolutionProperties) = preSolution
		HideSolutionNode = FALSE
	EndGlobalSection
	GlobalSection(ExtensibilityGlobals) = postSolution
		SolutionGuid = {DECA57CC-F2AD-470A-A264-691C522B426C}
	EndGlobalSection
EndGlobal
