
Microsoft Visual Studio Solution File, Format Version 12.00
# Visual Studio Version 16
VisualStudioVersion = 16.0.31019.35
MinimumVisualStudioVersion = 10.0.40219.1
Project("{9A19103F-16F7-4668-BE54-9A1E7A4F7556}") = "P04-05. Migrations", "P04-05. Migrations.csproj", "{D90642D9-7E56-426F-AE64-42B163AFBBB1}"
EndProject
Global
	GlobalSection(SolutionConfigurationPlatforms) = preSolution
		Debug|Any CPU = Debug|Any CPU
		Release|Any CPU = Release|Any CPU
	EndGlobalSection
	GlobalSection(ProjectConfigurationPlatforms) = postSolution
		{D90642D9-7E56-426F-AE64-42B163AFBBB1}.Debug|Any CPU.ActiveCfg = Debug|Any CPU
		{D90642D9-7E56-426F-AE64-42B163AFBBB1}.Debug|Any CPU.Build.0 = Debug|Any CPU
		{D90642D9-7E56-426F-AE64-42B163AFBBB1}.Release|Any CPU.ActiveCfg = Release|Any CPU
		{D90642D9-7E56-426F-AE64-42B163AFBBB1}.Release|Any CPU.Build.0 = Release|Any CPU
	EndGlobalSection
	GlobalSection(SolutionProperties) = preSolution
		HideSolutionNode = FALSE
	EndGlobalSection
	GlobalSection(ExtensibilityGlobals) = postSolution
		SolutionGuid = {DE73B5C9-4319-45B5-B689-51265F437883}
	EndGlobalSection
EndGlobal
